
Microsoft Visual Studio Solution File, Format Version 12.00
# Visual Studio Version 17
VisualStudioVersion = 17.11.35222.181
MinimumVisualStudioVersion = 10.0.40219.1
Project("{FAE04EC0-301F-11D3-BF4B-00C04F79EFBC}") = "T6 Sauna Heater", "T6 Sauna Heater.csproj", "{214C0B73-A1AF-42B3-980D-DF053F65366C}"
EndProject
Global
	GlobalSection(SolutionConfigurationPlatforms) = preSolution
		Debug|Any CPU = Debug|Any CPU
		Release|Any CPU = Release|Any CPU
	EndGlobalSection
	GlobalSection(ProjectConfigurationPlatforms) = postSolution
		{214C0B73-A1AF-42B3-980D-DF053F65366C}.Debug|Any CPU.ActiveCfg = Debug|Any CPU
		{214C0B73-A1AF-42B3-980D-DF053F65366C}.Debug|Any CPU.Build.0 = Debug|Any CPU
		{214C0B73-A1AF-42B3-980D-DF053F65366C}.Release|Any CPU.ActiveCfg = Release|Any CPU
		{214C0B73-A1AF-42B3-980D-DF053F65366C}.Release|Any CPU.Build.0 = Release|Any CPU
	EndGlobalSection
	GlobalSection(SolutionProperties) = preSolution
		HideSolutionNode = FALSE
	EndGlobalSection
	GlobalSection(ExtensibilityGlobals) = postSolution
		SolutionGuid = {625D2DE9-4A88-4C8F-AABD-A940B954C891}
	EndGlobalSection
EndGlobal
