
Microsoft Visual Studio Solution File, Format Version 12.00
# Visual Studio Version 17
VisualStudioVersion = 17.11.35222.181
MinimumVisualStudioVersion = 10.0.40219.1
Project("{FAE04EC0-301F-11D3-BF4B-00C04F79EFBC}") = "T5 Names", "T5 Names.csproj", "{EF681A9B-1DB6-45F6-85E1-ED4A199F0A69}"
EndProject
Global
	GlobalSection(SolutionConfigurationPlatforms) = preSolution
		Debug|Any CPU = Debug|Any CPU
		Release|Any CPU = Release|Any CPU
	EndGlobalSection
	GlobalSection(ProjectConfigurationPlatforms) = postSolution
		{EF681A9B-1DB6-45F6-85E1-ED4A199F0A69}.Debug|Any CPU.ActiveCfg = Debug|Any CPU
		{EF681A9B-1DB6-45F6-85E1-ED4A199F0A69}.Debug|Any CPU.Build.0 = Debug|Any CPU
		{EF681A9B-1DB6-45F6-85E1-ED4A199F0A69}.Release|Any CPU.ActiveCfg = Release|Any CPU
		{EF681A9B-1DB6-45F6-85E1-ED4A199F0A69}.Release|Any CPU.Build.0 = Release|Any CPU
	EndGlobalSection
	GlobalSection(SolutionProperties) = preSolution
		HideSolutionNode = FALSE
	EndGlobalSection
	GlobalSection(ExtensibilityGlobals) = postSolution
		SolutionGuid = {FE762A1F-88F7-46E0-806F-DEE014DE9048}
	EndGlobalSection
EndGlobal
