
Microsoft Visual Studio Solution File, Format Version 12.00
# Visual Studio Version 17
VisualStudioVersion = 17.11.35222.181
MinimumVisualStudioVersion = 10.0.40219.1
Project("{FAE04EC0-301F-11D3-BF4B-00C04F79EFBC}") = "T35 Unit Test for Shopping cart", "T35 Unit Test for Shopping cart.csproj", "{E20049FC-6BF6-44AA-BB06-247371431318}"
EndProject
Global
	GlobalSection(SolutionConfigurationPlatforms) = preSolution
		Debug|Any CPU = Debug|Any CPU
		Release|Any CPU = Release|Any CPU
	EndGlobalSection
	GlobalSection(ProjectConfigurationPlatforms) = postSolution
		{E20049FC-6BF6-44AA-BB06-247371431318}.Debug|Any CPU.ActiveCfg = Debug|Any CPU
		{E20049FC-6BF6-44AA-BB06-247371431318}.Debug|Any CPU.Build.0 = Debug|Any CPU
		{E20049FC-6BF6-44AA-BB06-247371431318}.Release|Any CPU.ActiveCfg = Release|Any CPU
		{E20049FC-6BF6-44AA-BB06-247371431318}.Release|Any CPU.Build.0 = Release|Any CPU
	EndGlobalSection
	GlobalSection(SolutionProperties) = preSolution
		HideSolutionNode = FALSE
	EndGlobalSection
	GlobalSection(ExtensibilityGlobals) = postSolution
		SolutionGuid = {E4510943-57FE-4630-80F7-B754F7A5D5BD}
	EndGlobalSection
EndGlobal
