
Microsoft Visual Studio Solution File, Format Version 12.00
# Visual Studio Version 17
VisualStudioVersion = 17.11.35222.181
MinimumVisualStudioVersion = 10.0.40219.1
Project("{FAE04EC0-301F-11D3-BF4B-00C04F79EFBC}") = "T15 Employee", "T15 Employee.csproj", "{631F45C0-7BFB-40B0-9945-0288A9E792FD}"
EndProject
Global
	GlobalSection(SolutionConfigurationPlatforms) = preSolution
		Debug|Any CPU = Debug|Any CPU
		Release|Any CPU = Release|Any CPU
	EndGlobalSection
	GlobalSection(ProjectConfigurationPlatforms) = postSolution
		{631F45C0-7BFB-40B0-9945-0288A9E792FD}.Debug|Any CPU.ActiveCfg = Debug|Any CPU
		{631F45C0-7BFB-40B0-9945-0288A9E792FD}.Debug|Any CPU.Build.0 = Debug|Any CPU
		{631F45C0-7BFB-40B0-9945-0288A9E792FD}.Release|Any CPU.ActiveCfg = Release|Any CPU
		{631F45C0-7BFB-40B0-9945-0288A9E792FD}.Release|Any CPU.Build.0 = Release|Any CPU
	EndGlobalSection
	GlobalSection(SolutionProperties) = preSolution
		HideSolutionNode = FALSE
	EndGlobalSection
	GlobalSection(ExtensibilityGlobals) = postSolution
		SolutionGuid = {3F78E571-C7B3-4C45-89AA-8B000855DF6E}
	EndGlobalSection
EndGlobal
