
Microsoft Visual Studio Solution File, Format Version 12.00
# Visual Studio Version 17
VisualStudioVersion = 17.11.35222.181
MinimumVisualStudioVersion = 10.0.40219.1
Project("{FAE04EC0-301F-11D3-BF4B-00C04F79EFBC}") = "T31 Random", "T31 Random.csproj", "{82C38B2E-0690-46F6-A3DC-4D4C453B70C5}"
EndProject
Global
	GlobalSection(SolutionConfigurationPlatforms) = preSolution
		Debug|Any CPU = Debug|Any CPU
		Release|Any CPU = Release|Any CPU
	EndGlobalSection
	GlobalSection(ProjectConfigurationPlatforms) = postSolution
		{82C38B2E-0690-46F6-A3DC-4D4C453B70C5}.Debug|Any CPU.ActiveCfg = Debug|Any CPU
		{82C38B2E-0690-46F6-A3DC-4D4C453B70C5}.Debug|Any CPU.Build.0 = Debug|Any CPU
		{82C38B2E-0690-46F6-A3DC-4D4C453B70C5}.Release|Any CPU.ActiveCfg = Release|Any CPU
		{82C38B2E-0690-46F6-A3DC-4D4C453B70C5}.Release|Any CPU.Build.0 = Release|Any CPU
	EndGlobalSection
	GlobalSection(SolutionProperties) = preSolution
		HideSolutionNode = FALSE
	EndGlobalSection
	GlobalSection(ExtensibilityGlobals) = postSolution
		SolutionGuid = {6A1B17B6-496C-4A09-B9D0-68C6652B0B5F}
	EndGlobalSection
EndGlobal
