
Microsoft Visual Studio Solution File, Format Version 12.00
# Visual Studio Version 17
VisualStudioVersion = 17.11.35222.181
MinimumVisualStudioVersion = 10.0.40219.1
Project("{FAE04EC0-301F-11D3-BF4B-00C04F79EFBC}") = "T20 Mammal", "T20 Mammal.csproj", "{AA1FF44F-750B-4AB8-BF75-42983375F219}"
EndProject
Global
	GlobalSection(SolutionConfigurationPlatforms) = preSolution
		Debug|Any CPU = Debug|Any CPU
		Release|Any CPU = Release|Any CPU
	EndGlobalSection
	GlobalSection(ProjectConfigurationPlatforms) = postSolution
		{AA1FF44F-750B-4AB8-BF75-42983375F219}.Debug|Any CPU.ActiveCfg = Debug|Any CPU
		{AA1FF44F-750B-4AB8-BF75-42983375F219}.Debug|Any CPU.Build.0 = Debug|Any CPU
		{AA1FF44F-750B-4AB8-BF75-42983375F219}.Release|Any CPU.ActiveCfg = Release|Any CPU
		{AA1FF44F-750B-4AB8-BF75-42983375F219}.Release|Any CPU.Build.0 = Release|Any CPU
	EndGlobalSection
	GlobalSection(SolutionProperties) = preSolution
		HideSolutionNode = FALSE
	EndGlobalSection
	GlobalSection(ExtensibilityGlobals) = postSolution
		SolutionGuid = {932D12CD-F948-4F53-B30F-DBD95E15221F}
	EndGlobalSection
EndGlobal
