
Microsoft Visual Studio Solution File, Format Version 12.00
# Visual Studio Version 17
VisualStudioVersion = 17.11.35222.181
MinimumVisualStudioVersion = 10.0.40219.1
Project("{FAE04EC0-301F-11D3-BF4B-00C04F79EFBC}") = "T13 Elevator", "T13 Elevator.csproj", "{94D07FC6-09C5-41EC-A890-AA0C4501EA86}"
EndProject
Global
	GlobalSection(SolutionConfigurationPlatforms) = preSolution
		Debug|Any CPU = Debug|Any CPU
		Release|Any CPU = Release|Any CPU
	EndGlobalSection
	GlobalSection(ProjectConfigurationPlatforms) = postSolution
		{94D07FC6-09C5-41EC-A890-AA0C4501EA86}.Debug|Any CPU.ActiveCfg = Debug|Any CPU
		{94D07FC6-09C5-41EC-A890-AA0C4501EA86}.Debug|Any CPU.Build.0 = Debug|Any CPU
		{94D07FC6-09C5-41EC-A890-AA0C4501EA86}.Release|Any CPU.ActiveCfg = Release|Any CPU
		{94D07FC6-09C5-41EC-A890-AA0C4501EA86}.Release|Any CPU.Build.0 = Release|Any CPU
	EndGlobalSection
	GlobalSection(SolutionProperties) = preSolution
		HideSolutionNode = FALSE
	EndGlobalSection
	GlobalSection(ExtensibilityGlobals) = postSolution
		SolutionGuid = {2C25D1BC-2BA9-4A67-9DE1-1DF8BC8002A9}
	EndGlobalSection
EndGlobal
