
Microsoft Visual Studio Solution File, Format Version 12.00
# Visual Studio Version 17
VisualStudioVersion = 17.11.35222.181
MinimumVisualStudioVersion = 10.0.40219.1
Project("{FAE04EC0-301F-11D3-BF4B-00C04F79EFBC}") = "T11 CD", "T11 CD.csproj", "{DE75B501-0B32-452E-A4BD-95ACAB280978}"
EndProject
Global
	GlobalSection(SolutionConfigurationPlatforms) = preSolution
		Debug|Any CPU = Debug|Any CPU
		Release|Any CPU = Release|Any CPU
	EndGlobalSection
	GlobalSection(ProjectConfigurationPlatforms) = postSolution
		{DE75B501-0B32-452E-A4BD-95ACAB280978}.Debug|Any CPU.ActiveCfg = Debug|Any CPU
		{DE75B501-0B32-452E-A4BD-95ACAB280978}.Debug|Any CPU.Build.0 = Debug|Any CPU
		{DE75B501-0B32-452E-A4BD-95ACAB280978}.Release|Any CPU.ActiveCfg = Release|Any CPU
		{DE75B501-0B32-452E-A4BD-95ACAB280978}.Release|Any CPU.Build.0 = Release|Any CPU
	EndGlobalSection
	GlobalSection(SolutionProperties) = preSolution
		HideSolutionNode = FALSE
	EndGlobalSection
	GlobalSection(ExtensibilityGlobals) = postSolution
		SolutionGuid = {FD14BD7B-4843-40C3-819D-07927CB88024}
	EndGlobalSection
EndGlobal
