
Microsoft Visual Studio Solution File, Format Version 12.00
# Visual Studio Version 17
VisualStudioVersion = 17.11.35222.181
MinimumVisualStudioVersion = 10.0.40219.1
Project("{FAE04EC0-301F-11D3-BF4B-00C04F79EFBC}") = "T40 MailBook with Lambda", "T40 MailBook with Lambda.csproj", "{7F55B694-5517-4470-ABA0-C0D373BC6247}"
EndProject
Global
	GlobalSection(SolutionConfigurationPlatforms) = preSolution
		Debug|Any CPU = Debug|Any CPU
		Release|Any CPU = Release|Any CPU
	EndGlobalSection
	GlobalSection(ProjectConfigurationPlatforms) = postSolution
		{7F55B694-5517-4470-ABA0-C0D373BC6247}.Debug|Any CPU.ActiveCfg = Debug|Any CPU
		{7F55B694-5517-4470-ABA0-C0D373BC6247}.Debug|Any CPU.Build.0 = Debug|Any CPU
		{7F55B694-5517-4470-ABA0-C0D373BC6247}.Release|Any CPU.ActiveCfg = Release|Any CPU
		{7F55B694-5517-4470-ABA0-C0D373BC6247}.Release|Any CPU.Build.0 = Release|Any CPU
	EndGlobalSection
	GlobalSection(SolutionProperties) = preSolution
		HideSolutionNode = FALSE
	EndGlobalSection
	GlobalSection(ExtensibilityGlobals) = postSolution
		SolutionGuid = {1841DEA9-B337-4806-B248-B8A11F89C10E}
	EndGlobalSection
EndGlobal
