
Microsoft Visual Studio Solution File, Format Version 12.00
# Visual Studio Version 17
VisualStudioVersion = 17.11.35222.181
MinimumVisualStudioVersion = 10.0.40219.1
Project("{FAE04EC0-301F-11D3-BF4B-00C04F79EFBC}") = "T30 Interface", "T30 Interface.csproj", "{7229063A-108A-4EE8-B25D-F854C943C546}"
EndProject
Global
	GlobalSection(SolutionConfigurationPlatforms) = preSolution
		Debug|Any CPU = Debug|Any CPU
		Release|Any CPU = Release|Any CPU
	EndGlobalSection
	GlobalSection(ProjectConfigurationPlatforms) = postSolution
		{7229063A-108A-4EE8-B25D-F854C943C546}.Debug|Any CPU.ActiveCfg = Debug|Any CPU
		{7229063A-108A-4EE8-B25D-F854C943C546}.Debug|Any CPU.Build.0 = Debug|Any CPU
		{7229063A-108A-4EE8-B25D-F854C943C546}.Release|Any CPU.ActiveCfg = Release|Any CPU
		{7229063A-108A-4EE8-B25D-F854C943C546}.Release|Any CPU.Build.0 = Release|Any CPU
	EndGlobalSection
	GlobalSection(SolutionProperties) = preSolution
		HideSolutionNode = FALSE
	EndGlobalSection
	GlobalSection(ExtensibilityGlobals) = postSolution
		SolutionGuid = {7D6C9EB9-56A4-4F0A-A16D-84EABDC2F4AA}
	EndGlobalSection
EndGlobal
