
Microsoft Visual Studio Solution File, Format Version 12.00
# Visual Studio Version 17
VisualStudioVersion = 17.11.35222.181
MinimumVisualStudioVersion = 10.0.40219.1
Project("{FAE04EC0-301F-11D3-BF4B-00C04F79EFBC}") = "T32 Dice", "T32 Dice.csproj", "{6DEE031A-D308-4D5D-B4C3-35DD4DF6877E}"
EndProject
Global
	GlobalSection(SolutionConfigurationPlatforms) = preSolution
		Debug|Any CPU = Debug|Any CPU
		Release|Any CPU = Release|Any CPU
	EndGlobalSection
	GlobalSection(ProjectConfigurationPlatforms) = postSolution
		{6DEE031A-D308-4D5D-B4C3-35DD4DF6877E}.Debug|Any CPU.ActiveCfg = Debug|Any CPU
		{6DEE031A-D308-4D5D-B4C3-35DD4DF6877E}.Debug|Any CPU.Build.0 = Debug|Any CPU
		{6DEE031A-D308-4D5D-B4C3-35DD4DF6877E}.Release|Any CPU.ActiveCfg = Release|Any CPU
		{6DEE031A-D308-4D5D-B4C3-35DD4DF6877E}.Release|Any CPU.Build.0 = Release|Any CPU
	EndGlobalSection
	GlobalSection(SolutionProperties) = preSolution
		HideSolutionNode = FALSE
	EndGlobalSection
	GlobalSection(ExtensibilityGlobals) = postSolution
		SolutionGuid = {F2BBE241-BE8F-41EB-8D02-49E6A57EE6C9}
	EndGlobalSection
EndGlobal
