
Microsoft Visual Studio Solution File, Format Version 12.00
# Visual Studio Version 17
VisualStudioVersion = 17.11.35222.181
MinimumVisualStudioVersion = 10.0.40219.1
Project("{FAE04EC0-301F-11D3-BF4B-00C04F79EFBC}") = "T22 Cards", "T22 Cards.csproj", "{DB2E9A88-123C-405F-9358-19173D1B37FF}"
EndProject
Global
	GlobalSection(SolutionConfigurationPlatforms) = preSolution
		Debug|Any CPU = Debug|Any CPU
		Release|Any CPU = Release|Any CPU
	EndGlobalSection
	GlobalSection(ProjectConfigurationPlatforms) = postSolution
		{DB2E9A88-123C-405F-9358-19173D1B37FF}.Debug|Any CPU.ActiveCfg = Debug|Any CPU
		{DB2E9A88-123C-405F-9358-19173D1B37FF}.Debug|Any CPU.Build.0 = Debug|Any CPU
		{DB2E9A88-123C-405F-9358-19173D1B37FF}.Release|Any CPU.ActiveCfg = Release|Any CPU
		{DB2E9A88-123C-405F-9358-19173D1B37FF}.Release|Any CPU.Build.0 = Release|Any CPU
	EndGlobalSection
	GlobalSection(SolutionProperties) = preSolution
		HideSolutionNode = FALSE
	EndGlobalSection
	GlobalSection(ExtensibilityGlobals) = postSolution
		SolutionGuid = {63A2669A-C640-49F5-A9C8-644AAACAFD1A}
	EndGlobalSection
EndGlobal
