
Microsoft Visual Studio Solution File, Format Version 12.00
# Visual Studio Version 17
VisualStudioVersion = 17.11.35222.181
MinimumVisualStudioVersion = 10.0.40219.1
Project("{FAE04EC0-301F-11D3-BF4B-00C04F79EFBC}") = "T37 Patterns", "T37 Patterns.csproj", "{41F8EFE2-201A-4D4D-94FE-400E0D2AB8CA}"
EndProject
Global
	GlobalSection(SolutionConfigurationPlatforms) = preSolution
		Debug|Any CPU = Debug|Any CPU
		Release|Any CPU = Release|Any CPU
	EndGlobalSection
	GlobalSection(ProjectConfigurationPlatforms) = postSolution
		{41F8EFE2-201A-4D4D-94FE-400E0D2AB8CA}.Debug|Any CPU.ActiveCfg = Debug|Any CPU
		{41F8EFE2-201A-4D4D-94FE-400E0D2AB8CA}.Debug|Any CPU.Build.0 = Debug|Any CPU
		{41F8EFE2-201A-4D4D-94FE-400E0D2AB8CA}.Release|Any CPU.ActiveCfg = Release|Any CPU
		{41F8EFE2-201A-4D4D-94FE-400E0D2AB8CA}.Release|Any CPU.Build.0 = Release|Any CPU
	EndGlobalSection
	GlobalSection(SolutionProperties) = preSolution
		HideSolutionNode = FALSE
	EndGlobalSection
	GlobalSection(ExtensibilityGlobals) = postSolution
		SolutionGuid = {5689B565-9AA0-4F92-BDB0-19D986EC7B0A}
	EndGlobalSection
EndGlobal
